
Microsoft Visual Studio Solution File, Format Version 12.00
# Visual Studio Version 16
VisualStudioVersion = 16.0.32901.82
MinimumVisualStudioVersion = 10.0.40219.1
Project("{FAE04EC0-301F-11D3-BF4B-00C04F79EFBC}") = "sinema_bufe_satis", "sinema_bufe_satis\sinema_bufe_satis.csproj", "{0A00726E-782B-4148-AE4B-A14E4104D65B}"
EndProject
Global
	GlobalSection(SolutionConfigurationPlatforms) = preSolution
		Debug|Any CPU = Debug|Any CPU
		Release|Any CPU = Release|Any CPU
	EndGlobalSection
	GlobalSection(ProjectConfigurationPlatforms) = postSolution
		{0A00726E-782B-4148-AE4B-A14E4104D65B}.Debug|Any CPU.ActiveCfg = Debug|Any CPU
		{0A00726E-782B-4148-AE4B-A14E4104D65B}.Debug|Any CPU.Build.0 = Debug|Any CPU
		{0A00726E-782B-4148-AE4B-A14E4104D65B}.Release|Any CPU.ActiveCfg = Release|Any CPU
		{0A00726E-782B-4148-AE4B-A14E4104D65B}.Release|Any CPU.Build.0 = Release|Any CPU
	EndGlobalSection
	GlobalSection(SolutionProperties) = preSolution
		HideSolutionNode = FALSE
	EndGlobalSection
	GlobalSection(ExtensibilityGlobals) = postSolution
		SolutionGuid = {239BDAB3-2EE7-497F-A515-942830F40DB8}
	EndGlobalSection
EndGlobal
